
Microsoft Visual Studio Solution File, Format Version 12.00
# Visual Studio 15
VisualStudioVersion = 15.0.27130.2027
MinimumVisualStudioVersion = 10.0.40219.1
Project("{FAE04EC0-301F-11D3-BF4B-00C04F79EFBC}") = "CSA", "CSA\CSA.csproj", "{29DA051D-09E4-40A5-B892-1DE376D1B152}"
EndProject
Global
	GlobalSection(SolutionConfigurationPlatforms) = preSolution
		Debug|Any CPU = Debug|Any CPU
		Release|Any CPU = Release|Any CPU
	EndGlobalSection
	GlobalSection(ProjectConfigurationPlatforms) = postSolution
		{29DA051D-09E4-40A5-B892-1DE376D1B152}.Debug|Any CPU.ActiveCfg = Debug|Any CPU
		{29DA051D-09E4-40A5-B892-1DE376D1B152}.Debug|Any CPU.Build.0 = Debug|Any CPU
		{29DA051D-09E4-40A5-B892-1DE376D1B152}.Release|Any CPU.ActiveCfg = Release|Any CPU
		{29DA051D-09E4-40A5-B892-1DE376D1B152}.Release|Any CPU.Build.0 = Release|Any CPU
	EndGlobalSection
	GlobalSection(SolutionProperties) = preSolution
		HideSolutionNode = FALSE
	EndGlobalSection
	GlobalSection(ExtensibilityGlobals) = postSolution
		SolutionGuid = {F06131A3-88F9-4676-8AAF-2FBAEB608781}
	EndGlobalSection
EndGlobal
